<?xml version="1.0" encoding="utf-8"?>
<Project ToolsVersion="4.0" xmlns="http://schemas.microsoft.com/developer/msbuild/2003">
  <ItemGroup>
    <Filter Include="Application">
      <UniqueIdentifier>{4dfd6f6f-9f22-476c-a05e-bca39c4e4264}</UniqueIdentifier>
      <Extensions>cpp;c;cxx;rc;def;r;odl;idl;hpj;bat</Extensions>
    </Filter>
    <Filter Include="Resource Files">
      <UniqueIdentifier>{2798aaab-e0b1-4027-8512-650d19793be1}</UniqueIdentifier>
      <Extensions>ico;cur;bmp;dlg;rc2;rct;bin;rgs;gif;jpg;jpeg;jpe</Extensions>
    </Filter>
    <Filter Include="Generated Files">
      <UniqueIdentifier>{6dfe6f37-4f30-4d72-b897-6fd1221d097c}</UniqueIdentifier>
    </Filter>
    <Filter Include="Common">
      <UniqueIdentifier>{e31a6047-9eb3-4bd8-a103-6e48622ee207}</UniqueIdentifier>
    </Filter>
  </ItemGroup>
  <ItemGroup>
    <ClCompile Include="FolderSize.cpp">
      <Filter>Application</Filter>
    </ClCompile>
    <ClCompile Include="FolderSizeObj.cpp">
      <Filter>Application</Filter>
    </ClCompile>
    <ClCompile Include="RegDwordValue.cpp">
      <Filter>Application</Filter>
    </ClCompile>
    <ClCompile Include="ShellUpdate.cpp">
      <Filter>Application</Filter>
    </ClCompile>
    <ClCompile Include="StdAfx.cpp">
      <Filter>Application</Filter>
    </ClCompile>
    <ClCompile Include="FolderSize_i.c">
      <Filter>Generated Files</Filter>
    </ClCompile>
    <ClCompile Include="..\Common\Pipe.cpp">
      <Filter>Common</Filter>
    </ClCompile>
  </ItemGroup>
  <ItemGroup>
    <None Include="FolderSize.def">
      <Filter>Application</Filter>
    </None>
    <None Include="Manifest.xml">
      <Filter>Resource Files</Filter>
    </None>
  </ItemGroup>
  <ItemGroup>
    <Midl Include="FolderSize.idl">
      <Filter>Application</Filter>
    </Midl>
  </ItemGroup>
  <ItemGroup>
    <ClInclude Include="FolderSizeModule.h">
      <Filter>Application</Filter>
    </ClInclude>
    <ClInclude Include="FolderSizeObj.h">
      <Filter>Application</Filter>
    </ClInclude>
    <ClInclude Include="RegDwordValue.h">
      <Filter>Application</Filter>
    </ClInclude>
    <ClInclude Include="ShellUpdate.h">
      <Filter>Application</Filter>
    </ClInclude>
    <ClInclude Include="StdAfx.h">
      <Filter>Application</Filter>
    </ClInclude>
    <ClInclude Include="Utility.h">
      <Filter>Application</Filter>
    </ClInclude>
    <ClInclude Include="Resource.h">
      <Filter>Resource Files</Filter>
    </ClInclude>
    <ClInclude Include="..\Common\FolderInfo.h">
      <Filter>Common</Filter>
    </ClInclude>
    <ClInclude Include="..\Common\Pipe.h">
      <Filter>Common</Filter>
    </ClInclude>
  </ItemGroup>
  <ItemGroup>
    <ResourceCompile Include="FolderSize.rc">
      <Filter>Resource Files</Filter>
    </ResourceCompile>
    <ResourceCompile Include="FolderSize_ca.rc">
      <Filter>Resource Files</Filter>
    </ResourceCompile>
    <ResourceCompile Include="FolderSize_de.rc">
      <Filter>Resource Files</Filter>
    </ResourceCompile>
    <ResourceCompile Include="FolderSize_en.rc">
      <Filter>Resource Files</Filter>
    </ResourceCompile>
    <ResourceCompile Include="FolderSize_es.rc">
      <Filter>Resource Files</Filter>
    </ResourceCompile>
    <ResourceCompile Include="FolderSize_fr.rc">
      <Filter>Resource Files</Filter>
    </ResourceCompile>
    <ResourceCompile Include="FolderSize_hu.rc">
      <Filter>Resource Files</Filter>
    </ResourceCompile>
    <ResourceCompile Include="FolderSize_it.rc">
      <Filter>Resource Files</Filter>
    </ResourceCompile>
    <ResourceCompile Include="FolderSize_ja.rc">
      <Filter>Resource Files</Filter>
    </ResourceCompile>
    <ResourceCompile Include="FolderSize_nl.rc">
      <Filter>Resource Files</Filter>
    </ResourceCompile>
    <ResourceCompile Include="FolderSize_pl.rc">
      <Filter>Resource Files</Filter>
    </ResourceCompile>
    <ResourceCompile Include="FolderSize_ru.rc">
      <Filter>Resource Files</Filter>
    </ResourceCompile>
    <ResourceCompile Include="FolderSize_sv.rc">
      <Filter>Resource Files</Filter>
    </ResourceCompile>
    <ResourceCompile Include="FolderSize_zh-cn.rc">
      <Filter>Resource Files</Filter>
    </ResourceCompile>
    <ResourceCompile Include="FolderSize_zh-tw.rc">
      <Filter>Resource Files</Filter>
    </ResourceCompile>
  </ItemGroup>
</Project>